
Microsoft Visual Studio Solution File, Format Version 12.00
# Visual Studio Version 16
VisualStudioVersion = 16.0.31729.503
MinimumVisualStudioVersion = 10.0.40219.1
Project("{9A19103F-16F7-4668-BE54-9A1E7A4F7556}") = "Learning_Managerment_SystemMarket_Web", "Learning_Managerment_SystemMarket_Web\Learning_Managerment_SystemMarket_Web.csproj", "{33670208-32E5-4AE4-9C09-C208ECF842D4}"
EndProject
Project("{9A19103F-16F7-4668-BE54-9A1E7A4F7556}") = "Learning_Managerment_SystemMarket_Core", "Learning_Managerment_SystemMarket_Core\Learning_Managerment_SystemMarket_Core.csproj", "{04E2DB54-F330-4A97-BF3E-6DB4DD1A135C}"
EndProject
Project("{9A19103F-16F7-4668-BE54-9A1E7A4F7556}") = "Learning_Managerment_SystemMarket_Services", "Learning_Managerment_SystemMarket_Services\Learning_Managerment_SystemMarket_Services.csproj", "{B3B5CD75-E4BD-4C6B-960C-8177E7F069A4}"
EndProject
Project("{9A19103F-16F7-4668-BE54-9A1E7A4F7556}") = "Learning_Managerment_SystemMarket_ViewModels", "Learning_Managerment_SystemMarket_ViewModels\Learning_Managerment_SystemMarket_ViewModels.csproj", "{9311D637-6B49-4F3F-BFCD-006CC9B9A1B7}"
EndProject
Global
	GlobalSection(SolutionConfigurationPlatforms) = preSolution
		Debug|Any CPU = Debug|Any CPU
		Release|Any CPU = Release|Any CPU
	EndGlobalSection
	GlobalSection(ProjectConfigurationPlatforms) = postSolution
		{33670208-32E5-4AE4-9C09-C208ECF842D4}.Debug|Any CPU.ActiveCfg = Debug|Any CPU
		{33670208-32E5-4AE4-9C09-C208ECF842D4}.Debug|Any CPU.Build.0 = Debug|Any CPU
		{33670208-32E5-4AE4-9C09-C208ECF842D4}.Release|Any CPU.ActiveCfg = Release|Any CPU
		{33670208-32E5-4AE4-9C09-C208ECF842D4}.Release|Any CPU.Build.0 = Release|Any CPU
		{04E2DB54-F330-4A97-BF3E-6DB4DD1A135C}.Debug|Any CPU.ActiveCfg = Debug|Any CPU
		{04E2DB54-F330-4A97-BF3E-6DB4DD1A135C}.Debug|Any CPU.Build.0 = Debug|Any CPU
		{04E2DB54-F330-4A97-BF3E-6DB4DD1A135C}.Release|Any CPU.ActiveCfg = Release|Any CPU
		{04E2DB54-F330-4A97-BF3E-6DB4DD1A135C}.Release|Any CPU.Build.0 = Release|Any CPU
		{B3B5CD75-E4BD-4C6B-960C-8177E7F069A4}.Debug|Any CPU.ActiveCfg = Debug|Any CPU
		{B3B5CD75-E4BD-4C6B-960C-8177E7F069A4}.Debug|Any CPU.Build.0 = Debug|Any CPU
		{B3B5CD75-E4BD-4C6B-960C-8177E7F069A4}.Release|Any CPU.ActiveCfg = Release|Any CPU
		{B3B5CD75-E4BD-4C6B-960C-8177E7F069A4}.Release|Any CPU.Build.0 = Release|Any CPU
		{9311D637-6B49-4F3F-BFCD-006CC9B9A1B7}.Debug|Any CPU.ActiveCfg = Debug|Any CPU
		{9311D637-6B49-4F3F-BFCD-006CC9B9A1B7}.Debug|Any CPU.Build.0 = Debug|Any CPU
		{9311D637-6B49-4F3F-BFCD-006CC9B9A1B7}.Release|Any CPU.ActiveCfg = Release|Any CPU
		{9311D637-6B49-4F3F-BFCD-006CC9B9A1B7}.Release|Any CPU.Build.0 = Release|Any CPU
	EndGlobalSection
	GlobalSection(SolutionProperties) = preSolution
		HideSolutionNode = FALSE
	EndGlobalSection
	GlobalSection(ExtensibilityGlobals) = postSolution
		SolutionGuid = {D7E65F61-5881-4C43-9A6E-3E91A4C3EDA6}
	EndGlobalSection
EndGlobal
